
Microsoft Visual Studio Solution File, Format Version 12.00
# Visual Studio Version 17
VisualStudioVersion = 17.5.33502.453
MinimumVisualStudioVersion = 10.0.40219.1
Project("{9A19103F-16F7-4668-BE54-9A1E7A4F7556}") = "DataCompare.Api", "DataCompare\DataCompare.Api.csproj", "{ED5AF119-5B64-4A37-84BE-BD91F681FB6D}"
EndProject
Global
	GlobalSection(SolutionConfigurationPlatforms) = preSolution
		Debug|Any CPU = Debug|Any CPU
		Release|Any CPU = Release|Any CPU
	EndGlobalSection
	GlobalSection(ProjectConfigurationPlatforms) = postSolution
		{ED5AF119-5B64-4A37-84BE-BD91F681FB6D}.Debug|Any CPU.ActiveCfg = Debug|Any CPU
		{ED5AF119-5B64-4A37-84BE-BD91F681FB6D}.Debug|Any CPU.Build.0 = Debug|Any CPU
		{ED5AF119-5B64-4A37-84BE-BD91F681FB6D}.Release|Any CPU.ActiveCfg = Release|Any CPU
		{ED5AF119-5B64-4A37-84BE-BD91F681FB6D}.Release|Any CPU.Build.0 = Release|Any CPU
	EndGlobalSection
	GlobalSection(SolutionProperties) = preSolution
		HideSolutionNode = FALSE
	EndGlobalSection
	GlobalSection(ExtensibilityGlobals) = postSolution
		SolutionGuid = {39761FFF-5333-4D75-9737-72EF88805939}
	EndGlobalSection
EndGlobal
